
Microsoft Visual Studio Solution File, Format Version 12.00
# Visual Studio 14
VisualStudioVersion = 14.0.25420.1
MinimumVisualStudioVersion = 10.0.40219.1
Project("{2150E333-8FDC-42A3-9474-1A3956D46DE8}") = "MainApplication", "MainApplication", "{A257FD0C-779A-4337-A856-345D4014DEDC}"
EndProject
Project("{2150E333-8FDC-42A3-9474-1A3956D46DE8}") = "LIB", "LIB", "{7E1F6096-5109-4968-8A9D-766F2EF02F2F}"
	ProjectSection(SolutionItems) = preProject
		Lib\dbo_SampleStudents_script.sql = Lib\dbo_SampleStudents_script.sql
	EndProjectSection
EndProject
Project("{2150E333-8FDC-42A3-9474-1A3956D46DE8}") = "DataFramework", "DataFramework", "{E955163C-62A7-4A07-8F06-73ED2FCE6CBB}"
EndProject
Project("{2150E333-8FDC-42A3-9474-1A3956D46DE8}") = "Common", "Common", "{CF17AF14-C58D-44D9-89A0-D15B14AC1F1D}"
EndProject
Project("{2150E333-8FDC-42A3-9474-1A3956D46DE8}") = "Testers", "Testers", "{C451F889-F26C-4F0F-B16E-689F8E2EFCD1}"
EndProject
Project("{FAE04EC0-301F-11D3-BF4B-00C04F79EFBC}") = "PUCIT.AIMRL.PRM.MainApp", "MainApplication\PUCIT.AIMRL.PRM.MainApp\PUCIT.AIMRL.PRM.MainApp.csproj", "{72E7280A-1983-4B83-8ED7-23391137A742}"
EndProject
Project("{FAE04EC0-301F-11D3-BF4B-00C04F79EFBC}") = "PUCIT.AIMRL.PRM.DAL", "DataFramework\PUCIT.AIMRL.PRM.DAL\PUCIT.AIMRL.PRM.DAL.csproj", "{077316F1-74BD-4E30-B93E-5B0079ADEA29}"
EndProject
Project("{FAE04EC0-301F-11D3-BF4B-00C04F79EFBC}") = "PUCIT.AIMRL.PRM.Entities", "DataFramework\PUCIT.AIMRL.PRM.Entities\PUCIT.AIMRL.PRM.Entities.csproj", "{1263615F-7040-416F-96A3-631E2898DAE7}"
EndProject
Project("{FAE04EC0-301F-11D3-BF4B-00C04F79EFBC}") = "PUCIT.AIMRL.Common", "Common\PUCIT.AIMRL.Common\PUCIT.AIMRL.Common.csproj", "{70F7021A-A698-4489-A279-822D0EFCBDCB}"
EndProject
Project("{FAE04EC0-301F-11D3-BF4B-00C04F79EFBC}") = "PUCIT.AIMRL.PRM.UI.Common", "Common\PUCIT.AIMRL.PRM.UI.Common\PUCIT.AIMRL.PRM.UI.Common.csproj", "{A46498AE-503C-4E55-8403-2160556B688B}"
EndProject
Project("{FAE04EC0-301F-11D3-BF4B-00C04F79EFBC}") = "DALTester", "Testers\DALTester\DALTester.csproj", "{9953CB1F-FD82-4431-8862-B21EC7E758E2}"
EndProject
Project("{FAE04EC0-301F-11D3-BF4B-00C04F79EFBC}") = "PUCIT.AIMRL.Common.Logger", "Common\PUCIT.AIMRL.Common.Logger\PUCIT.AIMRL.Common.Logger.csproj", "{8C5205F7-65EE-43C7-A99A-9D09C70FB080}"
EndProject
Project("{2150E333-8FDC-42A3-9474-1A3956D46DE8}") = "Scheduler", "Scheduler", "{9865BB9F-8724-4FA0-9BC2-265EA2EC8C1E}"
EndProject
Project("{FAE04EC0-301F-11D3-BF4B-00C04F79EFBC}") = "PUCIT.PRM.TaskManagement", "Scheduler\PUCIT.PRM.TaskManagement\PUCIT.PRM.TaskManagement.csproj", "{D292F226-1AD4-4E77-B573-255B2F86F453}"
EndProject
Project("{FAE04EC0-301F-11D3-BF4B-00C04F79EFBC}") = "ConsoleApplication1", "ConsoleApplication1\ConsoleApplication1.csproj", "{B21279F6-7B26-4431-A4BE-BAFFEE1028CE}"
EndProject
Project("{2150E333-8FDC-42A3-9474-1A3956D46DE8}") = "DB Scripts", "DB Scripts", "{2C0DD0A3-5FE2-4E07-9E39-CB4761282822}"
EndProject
Project("{2150E333-8FDC-42A3-9474-1A3956D46DE8}") = "Old", "Old", "{52B0B6FA-6D79-47BE-9F93-FF15F94C5F0F}"
	ProjectSection(SolutionItems) = preProject
		DB Scripts\Old\1- script_16june17.sql = DB Scripts\Old\1- script_16june17.sql
		DB Scripts\Old\2 - script_18july17.sql = DB Scripts\Old\2 - script_18july17.sql
		DB Scripts\Old\3 - script_20Sep17.sql = DB Scripts\Old\3 - script_20Sep17.sql
		DB Scripts\Old\4 -Latest_After20Sep17.sql = DB Scripts\Old\4 -Latest_After20Sep17.sql
		DB Scripts\Old\5 -Latest_29Sep17.sql = DB Scripts\Old\5 -Latest_29Sep17.sql
		DB Scripts\Old\5 -Latest_After27Sep17.sql = DB Scripts\Old\5 -Latest_After27Sep17.sql
		DB Scripts\Old\6 -Latest_02Oct2017.sql = DB Scripts\Old\6 -Latest_02Oct2017.sql
		DB Scripts\Old\7 -Latest_08Oct2017.txt = DB Scripts\Old\7 -Latest_08Oct2017.txt
		DB Scripts\Old\8-changes_from_15feb18.txt = DB Scripts\Old\8-changes_from_15feb18.txt
		DB Scripts\Old\9-changes_from_3July2018.txt = DB Scripts\Old\9-changes_from_3July2018.txt
	EndProjectSection
EndProject
Project("{2150E333-8FDC-42A3-9474-1A3956D46DE8}") = "Sep2018", "Sep2018", "{4A65E8DE-574A-419D-A7F0-AA4906CA1F51}"
	ProjectSection(SolutionItems) = preProject
		DB Scripts\Sep2018\06Sep2018_DB_Scripts.txt = DB Scripts\Sep2018\06Sep2018_DB_Scripts.txt
		DB Scripts\Sep2018\Base_DataScripts.txt = DB Scripts\Sep2018\Base_DataScripts.txt
	EndProjectSection
EndProject
Project("{2150E333-8FDC-42A3-9474-1A3956D46DE8}") = "Apps", "Apps", "{14544082-AD1C-4030-A443-E9DE60119136}"
EndProject
Project("{FAE04EC0-301F-11D3-BF4B-00C04F79EFBC}") = "ReminderNotificationApp", "Apps\ReminderNotificationApp\ReminderNotificationApp.csproj", "{76D97D57-BF4A-486D-B87B-1DCBC499187D}"
EndProject
Project("{FAE04EC0-301F-11D3-BF4B-00C04F79EFBC}") = "ReminderNotificationHelper", "Apps\ReminderNotificationHelper\ReminderNotificationHelper.csproj", "{EAACE307-2150-4D61-A5A2-6E9DD9A4EA55}"
EndProject
Project("{FAE04EC0-301F-11D3-BF4B-00C04F79EFBC}") = "PUCIT.AIMRL.GoogleApi", "Common\PUCIT.AIMRL.GoogleApi\PUCIT.AIMRL.GoogleApi.csproj", "{948BF58E-12FB-4181-8219-F08459788BEF}"
EndProject
Project("{2150E333-8FDC-42A3-9474-1A3956D46DE8}") = "Oct2018", "Oct2018", "{D7F78D33-C6BB-4934-9FB7-ECEE4CF486C1}"
	ProjectSection(SolutionItems) = preProject
		DB Scripts\Oct2018\19Oct2018_DB_Scripts.txt = DB Scripts\Oct2018\19Oct2018_DB_Scripts.txt
		DB Scripts\Oct2018\Base_DataScripts.txt = DB Scripts\Oct2018\Base_DataScripts.txt
	EndProjectSection
EndProject
Project("{2150E333-8FDC-42A3-9474-1A3956D46DE8}") = "Nov2018", "Nov2018", "{FC83B0D8-CAED-427C-9351-A642FCB26CB2}"
	ProjectSection(SolutionItems) = preProject
		DB Scripts\Nov2018\28Nov2018_DB_Scripts.txt = DB Scripts\Nov2018\28Nov2018_DB_Scripts.txt
		DB Scripts\Nov2018\Base_DataScripts.txt = DB Scripts\Nov2018\Base_DataScripts.txt
	EndProjectSection
EndProject
Project("{2150E333-8FDC-42A3-9474-1A3956D46DE8}") = "DBProj", "DBProj", "{38D8450D-DC96-4018-81B7-644D504847F2}"
EndProject
Project("{00D1A9C2-B5F0-4AF3-8072-F6C62B433612}") = "RequestPortalDB", "DBProj\RequestPortalDB\RequestPortalDB.sqlproj", "{16AD1F35-23F8-4460-B6E0-1AD2BD08AF3C}"
EndProject
Global
	GlobalSection(SolutionConfigurationPlatforms) = preSolution
		Debug|Any CPU = Debug|Any CPU
		DEVServer|Any CPU = DEVServer|Any CPU
		QA|Any CPU = QA|Any CPU
		Release|Any CPU = Release|Any CPU
		UAT|Any CPU = UAT|Any CPU
	EndGlobalSection
	GlobalSection(ProjectConfigurationPlatforms) = postSolution
		{72E7280A-1983-4B83-8ED7-23391137A742}.Debug|Any CPU.ActiveCfg = Debug|Any CPU
		{72E7280A-1983-4B83-8ED7-23391137A742}.Debug|Any CPU.Build.0 = Debug|Any CPU
		{72E7280A-1983-4B83-8ED7-23391137A742}.DEVServer|Any CPU.ActiveCfg = DEVServer|Any CPU
		{72E7280A-1983-4B83-8ED7-23391137A742}.DEVServer|Any CPU.Build.0 = DEVServer|Any CPU
		{72E7280A-1983-4B83-8ED7-23391137A742}.QA|Any CPU.ActiveCfg = Release|Any CPU
		{72E7280A-1983-4B83-8ED7-23391137A742}.QA|Any CPU.Build.0 = Release|Any CPU
		{72E7280A-1983-4B83-8ED7-23391137A742}.Release|Any CPU.ActiveCfg = Release|Any CPU
		{72E7280A-1983-4B83-8ED7-23391137A742}.Release|Any CPU.Build.0 = Release|Any CPU
		{72E7280A-1983-4B83-8ED7-23391137A742}.UAT|Any CPU.ActiveCfg = Release|Any CPU
		{72E7280A-1983-4B83-8ED7-23391137A742}.UAT|Any CPU.Build.0 = Release|Any CPU
		{077316F1-74BD-4E30-B93E-5B0079ADEA29}.Debug|Any CPU.ActiveCfg = Debug|Any CPU
		{077316F1-74BD-4E30-B93E-5B0079ADEA29}.Debug|Any CPU.Build.0 = Debug|Any CPU
		{077316F1-74BD-4E30-B93E-5B0079ADEA29}.DEVServer|Any CPU.ActiveCfg = DEVServer|Any CPU
		{077316F1-74BD-4E30-B93E-5B0079ADEA29}.DEVServer|Any CPU.Build.0 = DEVServer|Any CPU
		{077316F1-74BD-4E30-B93E-5B0079ADEA29}.QA|Any CPU.ActiveCfg = Release|Any CPU
		{077316F1-74BD-4E30-B93E-5B0079ADEA29}.QA|Any CPU.Build.0 = Release|Any CPU
		{077316F1-74BD-4E30-B93E-5B0079ADEA29}.Release|Any CPU.ActiveCfg = Release|Any CPU
		{077316F1-74BD-4E30-B93E-5B0079ADEA29}.Release|Any CPU.Build.0 = Release|Any CPU
		{077316F1-74BD-4E30-B93E-5B0079ADEA29}.UAT|Any CPU.ActiveCfg = Release|Any CPU
		{077316F1-74BD-4E30-B93E-5B0079ADEA29}.UAT|Any CPU.Build.0 = Release|Any CPU
		{1263615F-7040-416F-96A3-631E2898DAE7}.Debug|Any CPU.ActiveCfg = Debug|Any CPU
		{1263615F-7040-416F-96A3-631E2898DAE7}.Debug|Any CPU.Build.0 = Debug|Any CPU
		{1263615F-7040-416F-96A3-631E2898DAE7}.DEVServer|Any CPU.ActiveCfg = DEVServer|Any CPU
		{1263615F-7040-416F-96A3-631E2898DAE7}.DEVServer|Any CPU.Build.0 = DEVServer|Any CPU
		{1263615F-7040-416F-96A3-631E2898DAE7}.QA|Any CPU.ActiveCfg = Release|Any CPU
		{1263615F-7040-416F-96A3-631E2898DAE7}.QA|Any CPU.Build.0 = Release|Any CPU
		{1263615F-7040-416F-96A3-631E2898DAE7}.Release|Any CPU.ActiveCfg = Release|Any CPU
		{1263615F-7040-416F-96A3-631E2898DAE7}.Release|Any CPU.Build.0 = Release|Any CPU
		{1263615F-7040-416F-96A3-631E2898DAE7}.UAT|Any CPU.ActiveCfg = Release|Any CPU
		{1263615F-7040-416F-96A3-631E2898DAE7}.UAT|Any CPU.Build.0 = Release|Any CPU
		{70F7021A-A698-4489-A279-822D0EFCBDCB}.Debug|Any CPU.ActiveCfg = Debug|Any CPU
		{70F7021A-A698-4489-A279-822D0EFCBDCB}.Debug|Any CPU.Build.0 = Debug|Any CPU
		{70F7021A-A698-4489-A279-822D0EFCBDCB}.DEVServer|Any CPU.ActiveCfg = DEVServer|Any CPU
		{70F7021A-A698-4489-A279-822D0EFCBDCB}.DEVServer|Any CPU.Build.0 = DEVServer|Any CPU
		{70F7021A-A698-4489-A279-822D0EFCBDCB}.QA|Any CPU.ActiveCfg = Release|Any CPU
		{70F7021A-A698-4489-A279-822D0EFCBDCB}.QA|Any CPU.Build.0 = Release|Any CPU
		{70F7021A-A698-4489-A279-822D0EFCBDCB}.Release|Any CPU.ActiveCfg = Release|Any CPU
		{70F7021A-A698-4489-A279-822D0EFCBDCB}.Release|Any CPU.Build.0 = Release|Any CPU
		{70F7021A-A698-4489-A279-822D0EFCBDCB}.UAT|Any CPU.ActiveCfg = Release|Any CPU
		{70F7021A-A698-4489-A279-822D0EFCBDCB}.UAT|Any CPU.Build.0 = Release|Any CPU
		{A46498AE-503C-4E55-8403-2160556B688B}.Debug|Any CPU.ActiveCfg = Debug|Any CPU
		{A46498AE-503C-4E55-8403-2160556B688B}.Debug|Any CPU.Build.0 = Debug|Any CPU
		{A46498AE-503C-4E55-8403-2160556B688B}.DEVServer|Any CPU.ActiveCfg = DEVServer|Any CPU
		{A46498AE-503C-4E55-8403-2160556B688B}.DEVServer|Any CPU.Build.0 = DEVServer|Any CPU
		{A46498AE-503C-4E55-8403-2160556B688B}.QA|Any CPU.ActiveCfg = Release|Any CPU
		{A46498AE-503C-4E55-8403-2160556B688B}.QA|Any CPU.Build.0 = Release|Any CPU
		{A46498AE-503C-4E55-8403-2160556B688B}.Release|Any CPU.ActiveCfg = Release|Any CPU
		{A46498AE-503C-4E55-8403-2160556B688B}.Release|Any CPU.Build.0 = Release|Any CPU
		{A46498AE-503C-4E55-8403-2160556B688B}.UAT|Any CPU.ActiveCfg = Release|Any CPU
		{A46498AE-503C-4E55-8403-2160556B688B}.UAT|Any CPU.Build.0 = Release|Any CPU
		{9953CB1F-FD82-4431-8862-B21EC7E758E2}.Debug|Any CPU.ActiveCfg = Debug|Any CPU
		{9953CB1F-FD82-4431-8862-B21EC7E758E2}.Debug|Any CPU.Build.0 = Debug|Any CPU
		{9953CB1F-FD82-4431-8862-B21EC7E758E2}.DEVServer|Any CPU.ActiveCfg = DEVServer|Any CPU
		{9953CB1F-FD82-4431-8862-B21EC7E758E2}.DEVServer|Any CPU.Build.0 = DEVServer|Any CPU
		{9953CB1F-FD82-4431-8862-B21EC7E758E2}.QA|Any CPU.ActiveCfg = Release|Any CPU
		{9953CB1F-FD82-4431-8862-B21EC7E758E2}.QA|Any CPU.Build.0 = Release|Any CPU
		{9953CB1F-FD82-4431-8862-B21EC7E758E2}.Release|Any CPU.ActiveCfg = Release|Any CPU
		{9953CB1F-FD82-4431-8862-B21EC7E758E2}.Release|Any CPU.Build.0 = Release|Any CPU
		{9953CB1F-FD82-4431-8862-B21EC7E758E2}.UAT|Any CPU.ActiveCfg = Release|Any CPU
		{9953CB1F-FD82-4431-8862-B21EC7E758E2}.UAT|Any CPU.Build.0 = Release|Any CPU
		{8C5205F7-65EE-43C7-A99A-9D09C70FB080}.Debug|Any CPU.ActiveCfg = Debug|Any CPU
		{8C5205F7-65EE-43C7-A99A-9D09C70FB080}.Debug|Any CPU.Build.0 = Debug|Any CPU
		{8C5205F7-65EE-43C7-A99A-9D09C70FB080}.DEVServer|Any CPU.ActiveCfg = DEVServer|Any CPU
		{8C5205F7-65EE-43C7-A99A-9D09C70FB080}.DEVServer|Any CPU.Build.0 = DEVServer|Any CPU
		{8C5205F7-65EE-43C7-A99A-9D09C70FB080}.QA|Any CPU.ActiveCfg = QA|Any CPU
		{8C5205F7-65EE-43C7-A99A-9D09C70FB080}.QA|Any CPU.Build.0 = QA|Any CPU
		{8C5205F7-65EE-43C7-A99A-9D09C70FB080}.Release|Any CPU.ActiveCfg = Release|Any CPU
		{8C5205F7-65EE-43C7-A99A-9D09C70FB080}.Release|Any CPU.Build.0 = Release|Any CPU
		{8C5205F7-65EE-43C7-A99A-9D09C70FB080}.UAT|Any CPU.ActiveCfg = UAT|Any CPU
		{8C5205F7-65EE-43C7-A99A-9D09C70FB080}.UAT|Any CPU.Build.0 = UAT|Any CPU
		{D292F226-1AD4-4E77-B573-255B2F86F453}.Debug|Any CPU.ActiveCfg = Debug|Any CPU
		{D292F226-1AD4-4E77-B573-255B2F86F453}.Debug|Any CPU.Build.0 = Debug|Any CPU
		{D292F226-1AD4-4E77-B573-255B2F86F453}.DEVServer|Any CPU.ActiveCfg = DEVServer|Any CPU
		{D292F226-1AD4-4E77-B573-255B2F86F453}.DEVServer|Any CPU.Build.0 = DEVServer|Any CPU
		{D292F226-1AD4-4E77-B573-255B2F86F453}.QA|Any CPU.ActiveCfg = Release|Any CPU
		{D292F226-1AD4-4E77-B573-255B2F86F453}.QA|Any CPU.Build.0 = Release|Any CPU
		{D292F226-1AD4-4E77-B573-255B2F86F453}.Release|Any CPU.ActiveCfg = Release|Any CPU
		{D292F226-1AD4-4E77-B573-255B2F86F453}.Release|Any CPU.Build.0 = Release|Any CPU
		{D292F226-1AD4-4E77-B573-255B2F86F453}.UAT|Any CPU.ActiveCfg = Release|Any CPU
		{D292F226-1AD4-4E77-B573-255B2F86F453}.UAT|Any CPU.Build.0 = Release|Any CPU
		{B21279F6-7B26-4431-A4BE-BAFFEE1028CE}.Debug|Any CPU.ActiveCfg = Debug|Any CPU
		{B21279F6-7B26-4431-A4BE-BAFFEE1028CE}.Debug|Any CPU.Build.0 = Debug|Any CPU
		{B21279F6-7B26-4431-A4BE-BAFFEE1028CE}.DEVServer|Any CPU.ActiveCfg = DEVServer|Any CPU
		{B21279F6-7B26-4431-A4BE-BAFFEE1028CE}.DEVServer|Any CPU.Build.0 = DEVServer|Any CPU
		{B21279F6-7B26-4431-A4BE-BAFFEE1028CE}.QA|Any CPU.ActiveCfg = Release|Any CPU
		{B21279F6-7B26-4431-A4BE-BAFFEE1028CE}.QA|Any CPU.Build.0 = Release|Any CPU
		{B21279F6-7B26-4431-A4BE-BAFFEE1028CE}.Release|Any CPU.ActiveCfg = Release|Any CPU
		{B21279F6-7B26-4431-A4BE-BAFFEE1028CE}.Release|Any CPU.Build.0 = Release|Any CPU
		{B21279F6-7B26-4431-A4BE-BAFFEE1028CE}.UAT|Any CPU.ActiveCfg = Release|Any CPU
		{B21279F6-7B26-4431-A4BE-BAFFEE1028CE}.UAT|Any CPU.Build.0 = Release|Any CPU
		{76D97D57-BF4A-486D-B87B-1DCBC499187D}.Debug|Any CPU.ActiveCfg = Debug|Any CPU
		{76D97D57-BF4A-486D-B87B-1DCBC499187D}.Debug|Any CPU.Build.0 = Debug|Any CPU
		{76D97D57-BF4A-486D-B87B-1DCBC499187D}.DEVServer|Any CPU.ActiveCfg = Debug|Any CPU
		{76D97D57-BF4A-486D-B87B-1DCBC499187D}.DEVServer|Any CPU.Build.0 = Debug|Any CPU
		{76D97D57-BF4A-486D-B87B-1DCBC499187D}.QA|Any CPU.ActiveCfg = Release|Any CPU
		{76D97D57-BF4A-486D-B87B-1DCBC499187D}.QA|Any CPU.Build.0 = Release|Any CPU
		{76D97D57-BF4A-486D-B87B-1DCBC499187D}.Release|Any CPU.ActiveCfg = Release|Any CPU
		{76D97D57-BF4A-486D-B87B-1DCBC499187D}.Release|Any CPU.Build.0 = Release|Any CPU
		{76D97D57-BF4A-486D-B87B-1DCBC499187D}.UAT|Any CPU.ActiveCfg = Release|Any CPU
		{76D97D57-BF4A-486D-B87B-1DCBC499187D}.UAT|Any CPU.Build.0 = Release|Any CPU
		{EAACE307-2150-4D61-A5A2-6E9DD9A4EA55}.Debug|Any CPU.ActiveCfg = Debug|Any CPU
		{EAACE307-2150-4D61-A5A2-6E9DD9A4EA55}.Debug|Any CPU.Build.0 = Debug|Any CPU
		{EAACE307-2150-4D61-A5A2-6E9DD9A4EA55}.DEVServer|Any CPU.ActiveCfg = Debug|Any CPU
		{EAACE307-2150-4D61-A5A2-6E9DD9A4EA55}.DEVServer|Any CPU.Build.0 = Debug|Any CPU
		{EAACE307-2150-4D61-A5A2-6E9DD9A4EA55}.QA|Any CPU.ActiveCfg = Release|Any CPU
		{EAACE307-2150-4D61-A5A2-6E9DD9A4EA55}.QA|Any CPU.Build.0 = Release|Any CPU
		{EAACE307-2150-4D61-A5A2-6E9DD9A4EA55}.Release|Any CPU.ActiveCfg = Release|Any CPU
		{EAACE307-2150-4D61-A5A2-6E9DD9A4EA55}.Release|Any CPU.Build.0 = Release|Any CPU
		{EAACE307-2150-4D61-A5A2-6E9DD9A4EA55}.UAT|Any CPU.ActiveCfg = Release|Any CPU
		{EAACE307-2150-4D61-A5A2-6E9DD9A4EA55}.UAT|Any CPU.Build.0 = Release|Any CPU
		{948BF58E-12FB-4181-8219-F08459788BEF}.Debug|Any CPU.ActiveCfg = Debug|Any CPU
		{948BF58E-12FB-4181-8219-F08459788BEF}.Debug|Any CPU.Build.0 = Debug|Any CPU
		{948BF58E-12FB-4181-8219-F08459788BEF}.DEVServer|Any CPU.ActiveCfg = Debug|Any CPU
		{948BF58E-12FB-4181-8219-F08459788BEF}.DEVServer|Any CPU.Build.0 = Debug|Any CPU
		{948BF58E-12FB-4181-8219-F08459788BEF}.QA|Any CPU.ActiveCfg = Release|Any CPU
		{948BF58E-12FB-4181-8219-F08459788BEF}.QA|Any CPU.Build.0 = Release|Any CPU
		{948BF58E-12FB-4181-8219-F08459788BEF}.Release|Any CPU.ActiveCfg = Release|Any CPU
		{948BF58E-12FB-4181-8219-F08459788BEF}.Release|Any CPU.Build.0 = Release|Any CPU
		{948BF58E-12FB-4181-8219-F08459788BEF}.UAT|Any CPU.ActiveCfg = Release|Any CPU
		{948BF58E-12FB-4181-8219-F08459788BEF}.UAT|Any CPU.Build.0 = Release|Any CPU
		{16AD1F35-23F8-4460-B6E0-1AD2BD08AF3C}.Debug|Any CPU.ActiveCfg = Debug|Any CPU
		{16AD1F35-23F8-4460-B6E0-1AD2BD08AF3C}.Debug|Any CPU.Build.0 = Debug|Any CPU
		{16AD1F35-23F8-4460-B6E0-1AD2BD08AF3C}.Debug|Any CPU.Deploy.0 = Debug|Any CPU
		{16AD1F35-23F8-4460-B6E0-1AD2BD08AF3C}.DEVServer|Any CPU.ActiveCfg = Debug|Any CPU
		{16AD1F35-23F8-4460-B6E0-1AD2BD08AF3C}.DEVServer|Any CPU.Build.0 = Debug|Any CPU
		{16AD1F35-23F8-4460-B6E0-1AD2BD08AF3C}.DEVServer|Any CPU.Deploy.0 = Debug|Any CPU
		{16AD1F35-23F8-4460-B6E0-1AD2BD08AF3C}.QA|Any CPU.ActiveCfg = Debug|Any CPU
		{16AD1F35-23F8-4460-B6E0-1AD2BD08AF3C}.QA|Any CPU.Build.0 = Debug|Any CPU
		{16AD1F35-23F8-4460-B6E0-1AD2BD08AF3C}.QA|Any CPU.Deploy.0 = Debug|Any CPU
		{16AD1F35-23F8-4460-B6E0-1AD2BD08AF3C}.Release|Any CPU.ActiveCfg = Release|Any CPU
		{16AD1F35-23F8-4460-B6E0-1AD2BD08AF3C}.Release|Any CPU.Build.0 = Release|Any CPU
		{16AD1F35-23F8-4460-B6E0-1AD2BD08AF3C}.Release|Any CPU.Deploy.0 = Release|Any CPU
		{16AD1F35-23F8-4460-B6E0-1AD2BD08AF3C}.UAT|Any CPU.ActiveCfg = Debug|Any CPU
		{16AD1F35-23F8-4460-B6E0-1AD2BD08AF3C}.UAT|Any CPU.Build.0 = Debug|Any CPU
		{16AD1F35-23F8-4460-B6E0-1AD2BD08AF3C}.UAT|Any CPU.Deploy.0 = Debug|Any CPU
	EndGlobalSection
	GlobalSection(SolutionProperties) = preSolution
		HideSolutionNode = FALSE
	EndGlobalSection
	GlobalSection(NestedProjects) = preSolution
		{72E7280A-1983-4B83-8ED7-23391137A742} = {A257FD0C-779A-4337-A856-345D4014DEDC}
		{077316F1-74BD-4E30-B93E-5B0079ADEA29} = {E955163C-62A7-4A07-8F06-73ED2FCE6CBB}
		{1263615F-7040-416F-96A3-631E2898DAE7} = {E955163C-62A7-4A07-8F06-73ED2FCE6CBB}
		{70F7021A-A698-4489-A279-822D0EFCBDCB} = {CF17AF14-C58D-44D9-89A0-D15B14AC1F1D}
		{A46498AE-503C-4E55-8403-2160556B688B} = {CF17AF14-C58D-44D9-89A0-D15B14AC1F1D}
		{9953CB1F-FD82-4431-8862-B21EC7E758E2} = {C451F889-F26C-4F0F-B16E-689F8E2EFCD1}
		{8C5205F7-65EE-43C7-A99A-9D09C70FB080} = {CF17AF14-C58D-44D9-89A0-D15B14AC1F1D}
		{D292F226-1AD4-4E77-B573-255B2F86F453} = {9865BB9F-8724-4FA0-9BC2-265EA2EC8C1E}
		{B21279F6-7B26-4431-A4BE-BAFFEE1028CE} = {9865BB9F-8724-4FA0-9BC2-265EA2EC8C1E}
		{52B0B6FA-6D79-47BE-9F93-FF15F94C5F0F} = {2C0DD0A3-5FE2-4E07-9E39-CB4761282822}
		{4A65E8DE-574A-419D-A7F0-AA4906CA1F51} = {2C0DD0A3-5FE2-4E07-9E39-CB4761282822}
		{76D97D57-BF4A-486D-B87B-1DCBC499187D} = {14544082-AD1C-4030-A443-E9DE60119136}
		{EAACE307-2150-4D61-A5A2-6E9DD9A4EA55} = {14544082-AD1C-4030-A443-E9DE60119136}
		{948BF58E-12FB-4181-8219-F08459788BEF} = {CF17AF14-C58D-44D9-89A0-D15B14AC1F1D}
		{D7F78D33-C6BB-4934-9FB7-ECEE4CF486C1} = {2C0DD0A3-5FE2-4E07-9E39-CB4761282822}
		{FC83B0D8-CAED-427C-9351-A642FCB26CB2} = {2C0DD0A3-5FE2-4E07-9E39-CB4761282822}
		{16AD1F35-23F8-4460-B6E0-1AD2BD08AF3C} = {38D8450D-DC96-4018-81B7-644D504847F2}
	EndGlobalSection
EndGlobal
